// !$*UTF8*$!
{
	archiveVersion = 1;
	classes = {
	};
	objectVersion = 46;
	objects = {

/* Begin PBXBuildFile section */
		47E0908E1A978F9E00860C0B /* AppDelegate.swift in Sources */ = {isa = PBXBuildFile; fileRef = 47E0908D1A978F9E00860C0B /* AppDelegate.swift */; };
		47E090911A978F9E00860C0B /* Registration.xcdatamodeld in Sources */ = {isa = PBXBuildFile; fileRef = 47E0908F1A978F9E00860C0B /* Registration.xcdatamodeld */; };
		47E090931A978F9E00860C0B /* ViewController.swift in Sources */ = {isa = PBXBuildFile; fileRef = 47E090921A978F9E00860C0B /* ViewController.swift */; };
		47E090961A978F9E00860C0B /* Main.storyboard in Resources */ = {isa = PBXBuildFile; fileRef = 47E090941A978F9E00860C0B /* Main.storyboard */; };
		47E090981A978F9E00860C0B /* Images.xcassets in Resources */ = {isa = PBXBuildFile; fileRef = 47E090971A978F9E00860C0B /* Images.xcassets */; };
		47E0909B1A978F9E00860C0B /* LaunchScreen.xib in Resources */ = {isa = PBXBuildFile; fileRef = 47E090991A978F9E00860C0B /* LaunchScreen.xib */; };
		47E090A71A978F9E00860C0B /* RegistrationTests.swift in Sources */ = {isa = PBXBuildFile; fileRef = 47E090A61A978F9E00860C0B /* RegistrationTests.swift */; };
		47E090B31A9A51D300860C0B /* Hummingbird2.png in Resources */ = {isa = PBXBuildFile; fileRef = 47E090B21A9A51D300860C0B /* Hummingbird2.png */; };
		47E090B51A9A55DF00860C0B /* Styles.swift in Sources */ = {isa = PBXBuildFile; fileRef = 47E090B41A9A55DF00860C0B /* Styles.swift */; };
/* End PBXBuildFile section */

/* Begin PBXContainerItemProxy section */
		47E090A11A978F9E00860C0B /* PBXContainerItemProxy */ = {
			isa = PBXContainerItemProxy;
			containerPortal = 47E090801A978F9E00860C0B /* Project object */;
			proxyType = 1;
			remoteGlobalIDString = 47E090871A978F9E00860C0B;
			remoteInfo = Registration;
		};
/* End PBXContainerItemProxy section */

/* Begin PBXFileReference section */
		47E090881A978F9E00860C0B /* Registration.app */ = {isa = PBXFileReference; explicitFileType = wrapper.application; includeInIndex = 0; path = Registration.app; sourceTree = BUILT_PRODUCTS_DIR; };
		47E0908C1A978F9E00860C0B /* Info.plist */ = {isa = PBXFileReference; lastKnownFileType = text.plist.xml; path = Info.plist; sourceTree = "<group>"; };
		47E0908D1A978F9E00860C0B /* AppDelegate.swift */ = {isa = PBXFileReference; lastKnownFileType = sourcecode.swift; path = AppDelegate.swift; sourceTree = "<group>"; };
		47E090901A978F9E00860C0B /* Registration.xcdatamodel */ = {isa = PBXFileReference; lastKnownFileType = wrapper.xcdatamodel; path = Registration.xcdatamodel; sourceTree = "<group>"; };
		47E090921A978F9E00860C0B /* ViewController.swift */ = {isa = PBXFileReference; lastKnownFileType = sourcecode.swift; path = ViewController.swift; sourceTree = "<group>"; };
		47E090951A978F9E00860C0B /* Base */ = {isa = PBXFileReference; lastKnownFileType = file.storyboard; name = Base; path = Base.lproj/Main.storyboard; sourceTree = "<group>"; };
		47E090971A978F9E00860C0B /* Images.xcassets */ = {isa = PBXFileReference; lastKnownFileType = folder.assetcatalog; path = Images.xcassets; sourceTree = "<group>"; };
		47E0909A1A978F9E00860C0B /* Base */ = {isa = PBXFileReference; lastKnownFileType = file.xib; name = Base; path = Base.lproj/LaunchScreen.xib; sourceTree = "<group>"; };
		47E090A01A978F9E00860C0B /* RegistrationTests.xctest */ = {isa = PBXFileReference; explicitFileType = wrapper.cfbundle; includeInIndex = 0; path = RegistrationTests.xctest; sourceTree = BUILT_PRODUCTS_DIR; };
		47E090A51A978F9E00860C0B /* Info.plist */ = {isa = PBXFileReference; lastKnownFileType = text.plist.xml; path = Info.plist; sourceTree = "<group>"; };
		47E090A61A978F9E00860C0B /* RegistrationTests.swift */ = {isa = PBXFileReference; lastKnownFileType = sourcecode.swift; path = RegistrationTests.swift; sourceTree = "<group>"; };
		47E090B21A9A51D300860C0B /* Hummingbird2.png */ = {isa = PBXFileReference; lastKnownFileType = image.png; path = Hummingbird2.png; sourceTree = "<group>"; };
		47E090B41A9A55DF00860C0B /* Styles.swift */ = {isa = PBXFileReference; fileEncoding = 4; lastKnownFileType = sourcecode.swift; path = Styles.swift; sourceTree = "<group>"; };
/* End PBXFileReference section */

/* Begin PBXFrameworksBuildPhase section */
		47E090851A978F9E00860C0B /* Frameworks */ = {
			isa = PBXFrameworksBuildPhase;
			buildActionMask = 2147483647;
			files = (
			);
			runOnlyForDeploymentPostprocessing = 0;
		};
		47E0909D1A978F9E00860C0B /* Frameworks */ = {
			isa = PBXFrameworksBuildPhase;
			buildActionMask = 2147483647;
			files = (
			);
			runOnlyForDeploymentPostprocessing = 0;
		};
/* End PBXFrameworksBuildPhase section */

/* Begin PBXGroup section */
		47E0907F1A978F9E00860C0B = {
			isa = PBXGroup;
			children = (
				47E0908A1A978F9E00860C0B /* Registration */,
				47E090A31A978F9E00860C0B /* RegistrationTests */,
				47E090891A978F9E00860C0B /* Products */,
			);
			sourceTree = "<group>";
		};
		47E090891A978F9E00860C0B /* Products */ = {
			isa = PBXGroup;
			children = (
				47E090881A978F9E00860C0B /* Registration.app */,
				47E090A01A978F9E00860C0B /* RegistrationTests.xctest */,
			);
			name = Products;
			sourceTree = "<group>";
		};
		47E0908A1A978F9E00860C0B /* Registration */ = {
			isa = PBXGroup;
			children = (
				47E0908D1A978F9E00860C0B /* AppDelegate.swift */,
				47E090921A978F9E00860C0B /* ViewController.swift */,
				47E090941A978F9E00860C0B /* Main.storyboard */,
				47E090B41A9A55DF00860C0B /* Styles.swift */,
				47E090B21A9A51D300860C0B /* Hummingbird2.png */,
				47E090971A978F9E00860C0B /* Images.xcassets */,
				47E090991A978F9E00860C0B /* LaunchScreen.xib */,
				47E0908F1A978F9E00860C0B /* Registration.xcdatamodeld */,
				47E0908B1A978F9E00860C0B /* Supporting Files */,
			);
			path = Registration;
			sourceTree = "<group>";
		};
		47E0908B1A978F9E00860C0B /* Supporting Files */ = {
			isa = PBXGroup;
			children = (
				47E0908C1A978F9E00860C0B /* Info.plist */,
			);
			name = "Supporting Files";
			sourceTree = "<group>";
		};
		47E090A31A978F9E00860C0B /* RegistrationTests */ = {
			isa = PBXGroup;
			children = (
				47E090A61A978F9E00860C0B /* RegistrationTests.swift */,
				47E090A41A978F9E00860C0B /* Supporting Files */,
			);
			path = RegistrationTests;
			sourceTree = "<group>";
		};
		47E090A41A978F9E00860C0B /* Supporting Files */ = {
			isa = PBXGroup;
			children = (
				47E090A51A978F9E00860C0B /* Info.plist */,
			);
			name = "Supporting Files";
			sourceTree = "<group>";
		};
/* End PBXGroup section */

/* Begin PBXNativeTarget section */
		47E090871A978F9E00860C0B /* Registration */ = {
			isa = PBXNativeTarget;
			buildConfigurationList = 47E090AA1A978F9E00860C0B /* Build configuration list for PBXNativeTarget "Registration" */;
			buildPhases = (
				47E090841A978F9E00860C0B /* Sources */,
				47E090851A978F9E00860C0B /* Frameworks */,
				47E090861A978F9E00860C0B /* Resources */,
			);
			buildRules = (
			);
			dependencies = (
			);
			name = Registration;
			productName = Registration;
			productReference = 47E090881A978F9E00860C0B /* Registration.app */;
			productType = "com.apple.product-type.application";
		};
		47E0909F1A978F9E00860C0B /* RegistrationTests */ = {
			isa = PBXNativeTarget;
			buildConfigurationList = 47E090AD1A978F9E00860C0B /* Build configuration list for PBXNativeTarget "RegistrationTests" */;
			buildPhases = (
				47E0909C1A978F9E00860C0B /* Sources */,
				47E0909D1A978F9E00860C0B /* Frameworks */,
				47E0909E1A978F9E00860C0B /* Resources */,
			);
			buildRules = (
			);
			dependencies = (
				47E090A21A978F9E00860C0B /* PBXTargetDependency */,
			);
			name = RegistrationTests;
			productName = RegistrationTests;
			productReference = 47E090A01A978F9E00860C0B /* RegistrationTests.xctest */;
			productType = "com.apple.product-type.bundle.unit-test";
		};
/* End PBXNativeTarget section */

/* Begin PBXProject section */
		47E090801A978F9E00860C0B /* Project object */ = {
			isa = PBXProject;
			attributes = {
				LastUpgradeCheck = 0630;
				ORGANIZATIONNAME = "Shad Jahangir";
				TargetAttributes = {
					47E090871A978F9E00860C0B = {
						CreatedOnToolsVersion = 6.3;
					};
					47E0909F1A978F9E00860C0B = {
						CreatedOnToolsVersion = 6.3;
						TestTargetID = 47E090871A978F9E00860C0B;
					};
				};
			};
			buildConfigurationList = 47E090831A978F9E00860C0B /* Build configuration list for PBXProject "Registration" */;
			compatibilityVersion = "Xcode 3.2";
			developmentRegion = English;
			hasScannedForEncodings = 0;
			knownRegions = (
				en,
				Base,
			);
			mainGroup = 47E0907F1A978F9E00860C0B;
			productRefGroup = 47E090891A978F9E00860C0B /* Products */;
			projectDirPath = "";
			projectRoot = "";
			targets = (
				47E090871A978F9E00860C0B /* Registration */,
				47E0909F1A978F9E00860C0B /* RegistrationTests */,
			);
		};
/* End PBXProject section */

/* Begin PBXResourcesBuildPhase section */
		47E090861A978F9E00860C0B /* Resources */ = {
			isa = PBXResourcesBuildPhase;
			buildActionMask = 2147483647;
			files = (
				47E090961A978F9E00860C0B /* Main.storyboard in Resources */,
				47E0909B1A978F9E00860C0B /* LaunchScreen.xib in Resources */,
				47E090981A978F9E00860C0B /* Images.xcassets in Resources */,
				47E090B31A9A51D300860C0B /* Hummingbird2.png in Resources */,
			);
			runOnlyForDeploymentPostprocessing = 0;
		};
		47E0909E1A978F9E00860C0B /* Resources */ = {
			isa = PBXResourcesBuildPhase;
			buildActionMask = 2147483647;
			files = (
			);
			runOnlyForDeploymentPostprocessing = 0;
		};
/* End PBXResourcesBuildPhase section */

/* Begin PBXSourcesBuildPhase section */
		47E090841A978F9E00860C0B /* Sources */ = {
			isa = PBXSourcesBuildPhase;
			buildActionMask = 2147483647;
			files = (
				47E090931A978F9E00860C0B /* ViewController.swift in Sources */,
				47E090911A978F9E00860C0B /* Registration.xcdatamodeld in Sources */,
				47E0908E1A978F9E00860C0B /* AppDelegate.swift in Sources */,
				47E090B51A9A55DF00860C0B /* Styles.swift in Sources */,
			);
			runOnlyForDeploymentPostprocessing = 0;
		};
		47E0909C1A978F9E00860C0B /* Sources */ = {
			isa = PBXSourcesBuildPhase;
			buildActionMask = 2147483647;
			files = (
				47E090A71A978F9E00860C0B /* RegistrationTests.swift in Sources */,
			);
			runOnlyForDeploymentPostprocessing = 0;
		};
/* End PBXSourcesBuildPhase section */

/* Begin PBXTargetDependency section */
		47E090A21A978F9E00860C0B /* PBXTargetDependency */ = {
			isa = PBXTargetDependency;
			target = 47E090871A978F9E00860C0B /* Registration */;
			targetProxy = 47E090A11A978F9E00860C0B /* PBXContainerItemProxy */;
		};
/* End PBXTargetDependency section */

/* Begin PBXVariantGroup section */
		47E090941A978F9E00860C0B /* Main.storyboard */ = {
			isa = PBXVariantGroup;
			children = (
				47E090951A978F9E00860C0B /* Base */,
			);
			name = Main.storyboard;
			sourceTree = "<group>";
		};
		47E090991A978F9E00860C0B /* LaunchScreen.xib */ = {
			isa = PBXVariantGroup;
			children = (
				47E0909A1A978F9E00860C0B /* Base */,
			);
			name = LaunchScreen.xib;
			sourceTree = "<group>";
		};
/* End PBXVariantGroup section */

/* Begin XCBuildConfiguration section */
		47E090A81A978F9E00860C0B /* Debug */ = {
			isa = XCBuildConfiguration;
			buildSettings = {
				ALWAYS_SEARCH_USER_PATHS = NO;
				CLANG_CXX_LANGUAGE_STANDARD = "gnu++0x";
				CLANG_CXX_LIBRARY = "libc++";
				CLANG_ENABLE_MODULES = YES;
				CLANG_ENABLE_OBJC_ARC = YES;
				CLANG_WARN_BOOL_CONVERSION = YES;
				CLANG_WARN_CONSTANT_CONVERSION = YES;
				CLANG_WARN_DIRECT_OBJC_ISA_USAGE = YES_ERROR;
				CLANG_WARN_EMPTY_BODY = YES;
				CLANG_WARN_ENUM_CONVERSION = YES;
				CLANG_WARN_INT_CONVERSION = YES;
				CLANG_WARN_OBJC_ROOT_CLASS = YES_ERROR;
				CLANG_WARN_UNREACHABLE_CODE = YES;
				CLANG_WARN__DUPLICATE_METHOD_MATCH = YES;
				"CODE_SIGN_IDENTITY[sdk=iphoneos*]" = "iPhone Developer";
				COPY_PHASE_STRIP = NO;
				DEBUG_INFORMATION_FORMAT = dwarf;
				ENABLE_STRICT_OBJC_MSGSEND = YES;
				GCC_C_LANGUAGE_STANDARD = gnu99;
				GCC_DYNAMIC_NO_PIC = NO;
				GCC_OPTIMIZATION_LEVEL = 0;
				GCC_PREPROCESSOR_DEFINITIONS = (
					"DEBUG=1",
					"$(inherited)",
				);
				GCC_SYMBOLS_PRIVATE_EXTERN = NO;
				GCC_WARN_64_TO_32_BIT_CONVERSION = YES;
				GCC_WARN_ABOUT_RETURN_TYPE = YES_ERROR;
				GCC_WARN_UNDECLARED_SELECTOR = YES;
				GCC_WARN_UNINITIALIZED_AUTOS = YES_AGGRESSIVE;
				GCC_WARN_UNUSED_FUNCTION = YES;
				GCC_WARN_UNUSED_VARIABLE = YES;
				IPHONEOS_DEPLOYMENT_TARGET = 8.3;
				MTL_ENABLE_DEBUG_INFO = YES;
				ONLY_ACTIVE_ARCH = YES;
				SDKROOT = iphoneos;
				SWIFT_OPTIMIZATION_LEVEL = "-Onone";
			};
			name = Debug;
		};
		47E090A91A978F9E00860C0B /* Release */ = {
			isa = XCBuildConfiguration;
			buildSettings = {
				ALWAYS_SEARCH_USER_PATHS = NO;
				CLANG_CXX_LANGUAGE_STANDARD = "gnu++0x";
				CLANG_CXX_LIBRARY = "libc++";
				CLANG_ENABLE_MODULES = YES;
				CLANG_ENABLE_OBJC_ARC = YES;
				CLANG_WARN_BOOL_CONVERSION = YES;
				CLANG_WARN_CONSTANT_CONVERSION = YES;
				CLANG_WARN_DIRECT_OBJC_ISA_USAGE = YES_ERROR;
				CLANG_WARN_EMPTY_BODY = YES;
				CLANG_WARN_ENUM_CONVERSION = YES;
				CLANG_WARN_INT_CONVERSION = YES;
				CLANG_WARN_OBJC_ROOT_CLASS = YES_ERROR;
				CLANG_WARN_UNREACHABLE_CODE = YES;
				CLANG_WARN__DUPLICATE_METHOD_MATCH = YES;
				"CODE_SIGN_IDENTITY[sdk=iphoneos*]" = "iPhone Developer";
				COPY_PHASE_STRIP = NO;
				DEBUG_INFORMATION_FORMAT = "dwarf-with-dsym";
				ENABLE_NS_ASSERTIONS = NO;
				ENABLE_STRICT_OBJC_MSGSEND = YES;
				GCC_C_LANGUAGE_STANDARD = gnu99;
				GCC_WARN_64_TO_32_BIT_CONVERSION = YES;
				GCC_WARN_ABOUT_RETURN_TYPE = YES_ERROR;
				GCC_WARN_UNDECLARED_SELECTOR = YES;
				GCC_WARN_UNINITIALIZED_AUTOS = YES_AGGRESSIVE;
				GCC_WARN_UNUSED_FUNCTION = YES;
				GCC_WARN_UNUSED_VARIABLE = YES;
				IPHONEOS_DEPLOYMENT_TARGET = 8.3;
				MTL_ENABLE_DEBUG_INFO = NO;
				SDKROOT = iphoneos;
				VALIDATE_PRODUCT = YES;
			};
			name = Release;
		};
		47E090AB1A978F9E00860C0B /* Debug */ = {
			isa = XCBuildConfiguration;
			buildSettings = {
				ASSETCATALOG_COMPILER_APPICON_NAME = AppIcon;
				INFOPLIST_FILE = Registration/Info.plist;
				LD_RUNPATH_SEARCH_PATHS = "$(inherited) @executable_path/Frameworks";
				PRODUCT_NAME = "$(TARGET_NAME)";
			};
			name = Debug;
		};
		47E090AC1A978F9E00860C0B /* Release */ = {
			isa = XCBuildConfiguration;
			buildSettings = {
				ASSETCATALOG_COMPILER_APPICON_NAME = AppIcon;
				INFOPLIST_FILE = Registration/Info.plist;
				LD_RUNPATH_SEARCH_PATHS = "$(inherited) @executable_path/Frameworks";
				PRODUCT_NAME = "$(TARGET_NAME)";
			};
			name = Release;
		};
		47E090AE1A978F9E00860C0B /* Debug */ = {
			isa = XCBuildConfiguration;
			buildSettings = {
				BUNDLE_LOADER = "$(TEST_HOST)";
				FRAMEWORK_SEARCH_PATHS = (
					"$(SDKROOT)/Developer/Library/Frameworks",
					"$(inherited)",
				);
				GCC_PREPROCESSOR_DEFINITIONS = (
					"DEBUG=1",
					"$(inherited)",
				);
				INFOPLIST_FILE = RegistrationTests/Info.plist;
				LD_RUNPATH_SEARCH_PATHS = "$(inherited) @executable_path/Frameworks @loader_path/Frameworks";
				PRODUCT_NAME = "$(TARGET_NAME)";
				TEST_HOST = "$(BUILT_PRODUCTS_DIR)/Registration.app/Registration";
			};
			name = Debug;
		};
		47E090AF1A978F9E00860C0B /* Release */ = {
			isa = XCBuildConfiguration;
			buildSettings = {
				BUNDLE_LOADER = "$(TEST_HOST)";
				FRAMEWORK_SEARCH_PATHS = (
					"$(SDKROOT)/Developer/Library/Frameworks",
					"$(inherited)",
				);
				INFOPLIST_FILE = RegistrationTests/Info.plist;
				LD_RUNPATH_SEARCH_PATHS = "$(inherited) @executable_path/Frameworks @loader_path/Frameworks";
				PRODUCT_NAME = "$(TARGET_NAME)";
				TEST_HOST = "$(BUILT_PRODUCTS_DIR)/Registration.app/Registration";
			};
			name = Release;
		};
/* End XCBuildConfiguration section */

/* Begin XCConfigurationList section */
		47E090831A978F9E00860C0B /* Build configuration list for PBXProject "Registration" */ = {
			isa = XCConfigurationList;
			buildConfigurations = (
				47E090A81A978F9E00860C0B /* Debug */,
				47E090A91A978F9E00860C0B /* Release */,
			);
			defaultConfigurationIsVisible = 0;
			defaultConfigurationName = Release;
		};
		47E090AA1A978F9E00860C0B /* Build configuration list for PBXNativeTarget "Registration" */ = {
			isa = XCConfigurationList;
			buildConfigurations = (
				47E090AB1A978F9E00860C0B /* Debug */,
				47E090AC1A978F9E00860C0B /* Release */,
			);
			defaultConfigurationIsVisible = 0;
			defaultConfigurationName = Release;
		};
		47E090AD1A978F9E00860C0B /* Build configuration list for PBXNativeTarget "RegistrationTests" */ = {
			isa = XCConfigurationList;
			buildConfigurations = (
				47E090AE1A978F9E00860C0B /* Debug */,
				47E090AF1A978F9E00860C0B /* Release */,
			);
			defaultConfigurationIsVisible = 0;
			defaultConfigurationName = Release;
		};
/* End XCConfigurationList section */

/* Begin XCVersionGroup section */
		47E0908F1A978F9E00860C0B /* Registration.xcdatamodeld */ = {
			isa = XCVersionGroup;
			children = (
				47E090901A978F9E00860C0B /* Registration.xcdatamodel */,
			);
			currentVersion = 47E090901A978F9E00860C0B /* Registration.xcdatamodel */;
			path = Registration.xcdatamodeld;
			sourceTree = "<group>";
			versionGroupType = wrapper.xcdatamodel;
		};
/* End XCVersionGroup section */
	};
	rootObject = 47E090801A978F9E00860C0B /* Project object */;
}
